{
  "name": "impress-cli",
  "version": "0.4.21",
  "lockfileVersion": 1,
  "requires": true,
  "dependencies": {
    "colors": {
      "version": "1.1.2",
      "resolved": "https://registry.npmjs.org/colors/-/colors-1.1.2.tgz",
      "integrity": "sha1-FopHAXVran9RoSzgyXv6KMCE7WM="
    },
    "metarhia-common": {
      "version": "0.0.13",
      "resolved": "https://registry.npmjs.org/metarhia-common/-/metarhia-common-0.0.13.tgz",
      "integrity": "sha512-aQGjW8yHfgxdBePepQvVNbTkqiIdb/I1tKrcFBuupqifd+f3AaQQz/7nLG+AoTsdo/0SHrv3lvcaCaCwmtTsAQ=="
    },
    "metasync": {
      "version": "0.3.3",
      "resolved": "https://registry.npmjs.org/metasync/-/metasync-0.3.3.tgz",
      "integrity": "sha512-1HOBCovwD7h0FT8na8V9PdTAFS+q7ixTbRVaumkiQeR7HCpyrX7h+vLjfqQy5+efiT1HG23AEJWm1CKRT7MUrQ==",
      "requires": {
        "metarhia-common": "0.0.13"
      }
    },
    "minimist": {
      "version": "0.0.8",
      "resolved": "https://registry.npmjs.org/minimist/-/minimist-0.0.8.tgz",
      "integrity": "sha1-hX/Kv8M5fSYluCKCYuhqp6ARsF0="
    },
    "mkdirp": {
      "version": "0.5.1",
      "resolved": "https://registry.npmjs.org/mkdirp/-/mkdirp-0.5.1.tgz",
      "integrity": "sha1-MAV0OOrGz3+MR2fzhkjWaX11yQM=",
      "requires": {
        "minimist": "0.0.8"
      }
    },
    "ncp": {
      "version": "2.0.0",
      "resolved": "https://registry.npmjs.org/ncp/-/ncp-2.0.0.tgz",
      "integrity": "sha1-GVoh1sRuNh0vsSgbo4uR6d9727M="
    }
  }
}
